
Microsoft Visual Studio Solution File, Format Version 12.00
# Visual Studio Version 17
VisualStudioVersion = 17.0.31919.166
MinimumVisualStudioVersion = 10.0.40219.1
Project("{FAE04EC0-301F-11D3-BF4B-00C04F79EFBC}") = "1 to N", "1 to N.csproj", "{BE67DD4B-3159-4B4B-8649-D6D062C85618}"
EndProject
Global
	GlobalSection(SolutionConfigurationPlatforms) = preSolution
		Debug|Any CPU = Debug|Any CPU
		Release|Any CPU = Release|Any CPU
	EndGlobalSection
	GlobalSection(ProjectConfigurationPlatforms) = postSolution
		{BE67DD4B-3159-4B4B-8649-D6D062C85618}.Debug|Any CPU.ActiveCfg = Debug|Any CPU
		{BE67DD4B-3159-4B4B-8649-D6D062C85618}.Debug|Any CPU.Build.0 = Debug|Any CPU
		{BE67DD4B-3159-4B4B-8649-D6D062C85618}.Release|Any CPU.ActiveCfg = Release|Any CPU
		{BE67DD4B-3159-4B4B-8649-D6D062C85618}.Release|Any CPU.Build.0 = Release|Any CPU
	EndGlobalSection
	GlobalSection(SolutionProperties) = preSolution
		HideSolutionNode = FALSE
	EndGlobalSection
	GlobalSection(ExtensibilityGlobals) = postSolution
		SolutionGuid = {0406CEB1-339A-486E-B4C3-B1BFC8318EC0}
	EndGlobalSection
EndGlobal
